// !$*UTF8*$!
{
	archiveVersion = 1;
	classes = {
	};
	objectVersion = 56;
	objects = {

/* Begin PBXBuildFile section */
		44954BE72A45FF500022550D /* RealityKitContent in Frameworks */ = {isa = PBXBuildFile; productRef = 44954BE62A45FF500022550D /* RealityKitContent */; };
		44954BE92A45FF500022550D /* PruebaVisionOSApp.swift in Sources */ = {isa = PBXBuildFile; fileRef = 44954BE82A45FF500022550D /* PruebaVisionOSApp.swift */; };
		44954BEB2A45FF500022550D /* ContentView.swift in Sources */ = {isa = PBXBuildFile; fileRef = 44954BEA2A45FF500022550D /* ContentView.swift */; };
		44954BED2A45FF510022550D /* Assets.xcassets in Resources */ = {isa = PBXBuildFile; fileRef = 44954BEC2A45FF510022550D /* Assets.xcassets */; };
		44954BF02A45FF510022550D /* Preview Assets.xcassets in Resources */ = {isa = PBXBuildFile; fileRef = 44954BEF2A45FF510022550D /* Preview Assets.xcassets */; };
		44954BF72A460D530022550D /* EmpleadoCell.swift in Sources */ = {isa = PBXBuildFile; fileRef = 44954BF62A460D530022550D /* EmpleadoCell.swift */; };
		44954BF92A460D5D0022550D /* EmpleadoDetail.swift in Sources */ = {isa = PBXBuildFile; fileRef = 44954BF82A460D5C0022550D /* EmpleadoDetail.swift */; };
		44954BFB2A460D660022550D /* Model.swift in Sources */ = {isa = PBXBuildFile; fileRef = 44954BFA2A460D660022550D /* Model.swift */; };
		44954BFE2A460D750022550D /* EmpleadosVM.swift in Sources */ = {isa = PBXBuildFile; fileRef = 44954BFC2A460D750022550D /* EmpleadosVM.swift */; };
		44954BFF2A460D750022550D /* Persistence.swift in Sources */ = {isa = PBXBuildFile; fileRef = 44954BFD2A460D750022550D /* Persistence.swift */; };
/* End PBXBuildFile section */

/* Begin PBXFileReference section */
		44954BE12A45FF500022550D /* PruebaVisionOS.app */ = {isa = PBXFileReference; explicitFileType = wrapper.application; includeInIndex = 0; path = PruebaVisionOS.app; sourceTree = BUILT_PRODUCTS_DIR; };
		44954BE52A45FF500022550D /* RealityKitContent */ = {isa = PBXFileReference; lastKnownFileType = wrapper; path = RealityKitContent; sourceTree = "<group>"; };
		44954BE82A45FF500022550D /* PruebaVisionOSApp.swift */ = {isa = PBXFileReference; lastKnownFileType = sourcecode.swift; path = PruebaVisionOSApp.swift; sourceTree = "<group>"; };
		44954BEA2A45FF500022550D /* ContentView.swift */ = {isa = PBXFileReference; lastKnownFileType = sourcecode.swift; path = ContentView.swift; sourceTree = "<group>"; };
		44954BEC2A45FF510022550D /* Assets.xcassets */ = {isa = PBXFileReference; lastKnownFileType = folder.assetcatalog; path = Assets.xcassets; sourceTree = "<group>"; };
		44954BEF2A45FF510022550D /* Preview Assets.xcassets */ = {isa = PBXFileReference; lastKnownFileType = folder.assetcatalog; path = "Preview Assets.xcassets"; sourceTree = "<group>"; };
		44954BF62A460D530022550D /* EmpleadoCell.swift */ = {isa = PBXFileReference; fileEncoding = 4; lastKnownFileType = sourcecode.swift; path = EmpleadoCell.swift; sourceTree = "<group>"; };
		44954BF82A460D5C0022550D /* EmpleadoDetail.swift */ = {isa = PBXFileReference; fileEncoding = 4; lastKnownFileType = sourcecode.swift; path = EmpleadoDetail.swift; sourceTree = "<group>"; };
		44954BFA2A460D660022550D /* Model.swift */ = {isa = PBXFileReference; fileEncoding = 4; lastKnownFileType = sourcecode.swift; path = Model.swift; sourceTree = "<group>"; };
		44954BFC2A460D750022550D /* EmpleadosVM.swift */ = {isa = PBXFileReference; fileEncoding = 4; lastKnownFileType = sourcecode.swift; path = EmpleadosVM.swift; sourceTree = "<group>"; };
		44954BFD2A460D750022550D /* Persistence.swift */ = {isa = PBXFileReference; fileEncoding = 4; lastKnownFileType = sourcecode.swift; path = Persistence.swift; sourceTree = "<group>"; };
/* End PBXFileReference section */

/* Begin PBXFrameworksBuildPhase section */
		44954BDE2A45FF500022550D /* Frameworks */ = {
			isa = PBXFrameworksBuildPhase;
			buildActionMask = 2147483647;
			files = (
				44954BE72A45FF500022550D /* RealityKitContent in Frameworks */,
			);
			runOnlyForDeploymentPostprocessing = 0;
		};
/* End PBXFrameworksBuildPhase section */

/* Begin PBXGroup section */
		44954BD82A45FF4F0022550D = {
			isa = PBXGroup;
			children = (
				44954BE32A45FF500022550D /* PruebaVisionOS */,
				44954BE42A45FF500022550D /* Packages */,
				44954BE22A45FF500022550D /* Products */,
			);
			sourceTree = "<group>";
		};
		44954BE22A45FF500022550D /* Products */ = {
			isa = PBXGroup;
			children = (
				44954BE12A45FF500022550D /* PruebaVisionOS.app */,
			);
			name = Products;
			sourceTree = "<group>";
		};
		44954BE32A45FF500022550D /* PruebaVisionOS */ = {
			isa = PBXGroup;
			children = (
				44954BE82A45FF500022550D /* PruebaVisionOSApp.swift */,
				44954BEA2A45FF500022550D /* ContentView.swift */,
				44954BF62A460D530022550D /* EmpleadoCell.swift */,
				44954BF82A460D5C0022550D /* EmpleadoDetail.swift */,
				44954BFA2A460D660022550D /* Model.swift */,
				44954BFC2A460D750022550D /* EmpleadosVM.swift */,
				44954BFD2A460D750022550D /* Persistence.swift */,
				44954BEC2A45FF510022550D /* Assets.xcassets */,
				44954BEE2A45FF510022550D /* Preview Content */,
			);
			path = PruebaVisionOS;
			sourceTree = "<group>";
		};
		44954BE42A45FF500022550D /* Packages */ = {
			isa = PBXGroup;
			children = (
				44954BE52A45FF500022550D /* RealityKitContent */,
			);
			path = Packages;
			sourceTree = "<group>";
		};
		44954BEE2A45FF510022550D /* Preview Content */ = {
			isa = PBXGroup;
			children = (
				44954BEF2A45FF510022550D /* Preview Assets.xcassets */,
			);
			path = "Preview Content";
			sourceTree = "<group>";
		};
/* End PBXGroup section */

/* Begin PBXNativeTarget section */
		44954BE02A45FF500022550D /* PruebaVisionOS */ = {
			isa = PBXNativeTarget;
			buildConfigurationList = 44954BF32A45FF510022550D /* Build configuration list for PBXNativeTarget "PruebaVisionOS" */;
			buildPhases = (
				44954BDD2A45FF500022550D /* Sources */,
				44954BDE2A45FF500022550D /* Frameworks */,
				44954BDF2A45FF500022550D /* Resources */,
			);
			buildRules = (
			);
			dependencies = (
			);
			name = PruebaVisionOS;
			packageProductDependencies = (
				44954BE62A45FF500022550D /* RealityKitContent */,
			);
			productName = PruebaVisionOS;
			productReference = 44954BE12A45FF500022550D /* PruebaVisionOS.app */;
			productType = "com.apple.product-type.application";
		};
/* End PBXNativeTarget section */

/* Begin PBXProject section */
		44954BD92A45FF4F0022550D /* Project object */ = {
			isa = PBXProject;
			attributes = {
				BuildIndependentTargetsInParallel = 1;
				LastSwiftUpdateCheck = 1500;
				LastUpgradeCheck = 1500;
				TargetAttributes = {
					44954BE02A45FF500022550D = {
						CreatedOnToolsVersion = 15.0;
					};
				};
			};
			buildConfigurationList = 44954BDC2A45FF4F0022550D /* Build configuration list for PBXProject "PruebaVisionOS" */;
			compatibilityVersion = "Xcode 14.0";
			developmentRegion = en;
			hasScannedForEncodings = 0;
			knownRegions = (
				en,
				Base,
			);
			mainGroup = 44954BD82A45FF4F0022550D;
			productRefGroup = 44954BE22A45FF500022550D /* Products */;
			projectDirPath = "";
			projectRoot = "";
			targets = (
				44954BE02A45FF500022550D /* PruebaVisionOS */,
			);
		};
/* End PBXProject section */

/* Begin PBXResourcesBuildPhase section */
		44954BDF2A45FF500022550D /* Resources */ = {
			isa = PBXResourcesBuildPhase;
			buildActionMask = 2147483647;
			files = (
				44954BF02A45FF510022550D /* Preview Assets.xcassets in Resources */,
				44954BED2A45FF510022550D /* Assets.xcassets in Resources */,
			);
			runOnlyForDeploymentPostprocessing = 0;
		};
/* End PBXResourcesBuildPhase section */

/* Begin PBXSourcesBuildPhase section */
		44954BDD2A45FF500022550D /* Sources */ = {
			isa = PBXSourcesBuildPhase;
			buildActionMask = 2147483647;
			files = (
				44954BFB2A460D660022550D /* Model.swift in Sources */,
				44954BF72A460D530022550D /* EmpleadoCell.swift in Sources */,
				44954BF92A460D5D0022550D /* EmpleadoDetail.swift in Sources */,
				44954BFF2A460D750022550D /* Persistence.swift in Sources */,
				44954BEB2A45FF500022550D /* ContentView.swift in Sources */,
				44954BE92A45FF500022550D /* PruebaVisionOSApp.swift in Sources */,
				44954BFE2A460D750022550D /* EmpleadosVM.swift in Sources */,
			);
			runOnlyForDeploymentPostprocessing = 0;
		};
/* End PBXSourcesBuildPhase section */

/* Begin XCBuildConfiguration section */
		44954BF12A45FF510022550D /* Debug */ = {
			isa = XCBuildConfiguration;
			buildSettings = {
				ALWAYS_SEARCH_USER_PATHS = NO;
				ASSETCATALOG_COMPILER_GENERATE_SWIFT_ASSET_SYMBOL_EXTENSIONS = YES;
				CLANG_ANALYZER_NONNULL = YES;
				CLANG_ANALYZER_NUMBER_OBJECT_CONVERSION = YES_AGGRESSIVE;
				CLANG_CXX_LANGUAGE_STANDARD = "gnu++20";
				CLANG_ENABLE_MODULES = YES;
				CLANG_ENABLE_OBJC_ARC = YES;
				CLANG_ENABLE_OBJC_WEAK = YES;
				CLANG_WARN_BLOCK_CAPTURE_AUTORELEASING = YES;
				CLANG_WARN_BOOL_CONVERSION = YES;
				CLANG_WARN_COMMA = YES;
				CLANG_WARN_CONSTANT_CONVERSION = YES;
				CLANG_WARN_DEPRECATED_OBJC_IMPLEMENTATIONS = YES;
				CLANG_WARN_DIRECT_OBJC_ISA_USAGE = YES_ERROR;
				CLANG_WARN_DOCUMENTATION_COMMENTS = YES;
				CLANG_WARN_EMPTY_BODY = YES;
				CLANG_WARN_ENUM_CONVERSION = YES;
				CLANG_WARN_INFINITE_RECURSION = YES;
				CLANG_WARN_INT_CONVERSION = YES;
				CLANG_WARN_NON_LITERAL_NULL_CONVERSION = YES;
				CLANG_WARN_OBJC_IMPLICIT_RETAIN_SELF = YES;
				CLANG_WARN_OBJC_LITERAL_CONVERSION = YES;
				CLANG_WARN_OBJC_ROOT_CLASS = YES_ERROR;
				CLANG_WARN_QUOTED_INCLUDE_IN_FRAMEWORK_HEADER = YES;
				CLANG_WARN_RANGE_LOOP_ANALYSIS = YES;
				CLANG_WARN_STRICT_PROTOTYPES = YES;
				CLANG_WARN_SUSPICIOUS_MOVE = YES;
				CLANG_WARN_UNGUARDED_AVAILABILITY = YES_AGGRESSIVE;
				CLANG_WARN_UNREACHABLE_CODE = YES;
				CLANG_WARN__DUPLICATE_METHOD_MATCH = YES;
				COPY_PHASE_STRIP = NO;
				DEBUG_INFORMATION_FORMAT = dwarf;
				ENABLE_STRICT_OBJC_MSGSEND = YES;
				ENABLE_TESTABILITY = YES;
				ENABLE_USER_SCRIPT_SANDBOXING = YES;
				GCC_C_LANGUAGE_STANDARD = gnu17;
				GCC_DYNAMIC_NO_PIC = NO;
				GCC_NO_COMMON_BLOCKS = YES;
				GCC_OPTIMIZATION_LEVEL = 0;
				GCC_PREPROCESSOR_DEFINITIONS = (
					"DEBUG=1",
					"$(inherited)",
				);
				GCC_WARN_64_TO_32_BIT_CONVERSION = YES;
				GCC_WARN_ABOUT_RETURN_TYPE = YES_ERROR;
				GCC_WARN_UNDECLARED_SELECTOR = YES;
				GCC_WARN_UNINITIALIZED_AUTOS = YES_AGGRESSIVE;
				GCC_WARN_UNUSED_FUNCTION = YES;
				GCC_WARN_UNUSED_VARIABLE = YES;
				LOCALIZATION_PREFERS_STRING_CATALOGS = YES;
				MTL_ENABLE_DEBUG_INFO = INCLUDE_SOURCE;
				MTL_FAST_MATH = YES;
				ONLY_ACTIVE_ARCH = YES;
				SDKROOT = xros;
				SWIFT_ACTIVE_COMPILATION_CONDITIONS = "DEBUG $(inherited)";
				SWIFT_OPTIMIZATION_LEVEL = "-Onone";
				XROS_DEPLOYMENT_TARGET = 1.0;
			};
			name = Debug;
		};
		44954BF22A45FF510022550D /* Release */ = {
			isa = XCBuildConfiguration;
			buildSettings = {
				ALWAYS_SEARCH_USER_PATHS = NO;
				ASSETCATALOG_COMPILER_GENERATE_SWIFT_ASSET_SYMBOL_EXTENSIONS = YES;
				CLANG_ANALYZER_NONNULL = YES;
				CLANG_ANALYZER_NUMBER_OBJECT_CONVERSION = YES_AGGRESSIVE;
				CLANG_CXX_LANGUAGE_STANDARD = "gnu++20";
				CLANG_ENABLE_MODULES = YES;
				CLANG_ENABLE_OBJC_ARC = YES;
				CLANG_ENABLE_OBJC_WEAK = YES;
				CLANG_WARN_BLOCK_CAPTURE_AUTORELEASING = YES;
				CLANG_WARN_BOOL_CONVERSION = YES;
				CLANG_WARN_COMMA = YES;
				CLANG_WARN_CONSTANT_CONVERSION = YES;
				CLANG_WARN_DEPRECATED_OBJC_IMPLEMENTATIONS = YES;
				CLANG_WARN_DIRECT_OBJC_ISA_USAGE = YES_ERROR;
				CLANG_WARN_DOCUMENTATION_COMMENTS = YES;
				CLANG_WARN_EMPTY_BODY = YES;
				CLANG_WARN_ENUM_CONVERSION = YES;
				CLANG_WARN_INFINITE_RECURSION = YES;
				CLANG_WARN_INT_CONVERSION = YES;
				CLANG_WARN_NON_LITERAL_NULL_CONVERSION = YES;
				CLANG_WARN_OBJC_IMPLICIT_RETAIN_SELF = YES;
				CLANG_WARN_OBJC_LITERAL_CONVERSION = YES;
				CLANG_WARN_OBJC_ROOT_CLASS = YES_ERROR;
				CLANG_WARN_QUOTED_INCLUDE_IN_FRAMEWORK_HEADER = YES;
				CLANG_WARN_RANGE_LOOP_ANALYSIS = YES;
				CLANG_WARN_STRICT_PROTOTYPES = YES;
				CLANG_WARN_SUSPICIOUS_MOVE = YES;
				CLANG_WARN_UNGUARDED_AVAILABILITY = YES_AGGRESSIVE;
				CLANG_WARN_UNREACHABLE_CODE = YES;
				CLANG_WARN__DUPLICATE_METHOD_MATCH = YES;
				COPY_PHASE_STRIP = NO;
				DEBUG_INFORMATION_FORMAT = "dwarf-with-dsym";
				ENABLE_NS_ASSERTIONS = NO;
				ENABLE_STRICT_OBJC_MSGSEND = YES;
				ENABLE_USER_SCRIPT_SANDBOXING = YES;
				GCC_C_LANGUAGE_STANDARD = gnu17;
				GCC_NO_COMMON_BLOCKS = YES;
				GCC_WARN_64_TO_32_BIT_CONVERSION = YES;
				GCC_WARN_ABOUT_RETURN_TYPE = YES_ERROR;
				GCC_WARN_UNDECLARED_SELECTOR = YES;
				GCC_WARN_UNINITIALIZED_AUTOS = YES_AGGRESSIVE;
				GCC_WARN_UNUSED_FUNCTION = YES;
				GCC_WARN_UNUSED_VARIABLE = YES;
				LOCALIZATION_PREFERS_STRING_CATALOGS = YES;
				MTL_ENABLE_DEBUG_INFO = NO;
				MTL_FAST_MATH = YES;
				SDKROOT = xros;
				SWIFT_COMPILATION_MODE = wholemodule;
				VALIDATE_PRODUCT = YES;
				XROS_DEPLOYMENT_TARGET = 1.0;
			};
			name = Release;
		};
		44954BF42A45FF510022550D /* Debug */ = {
			isa = XCBuildConfiguration;
			buildSettings = {
				ASSETCATALOG_COMPILER_APPICON_NAME = AppIcon;
				ASSETCATALOG_COMPILER_GLOBAL_ACCENT_COLOR_NAME = AccentColor;
				CODE_SIGN_STYLE = Automatic;
				CURRENT_PROJECT_VERSION = 1;
				DEVELOPMENT_ASSET_PATHS = "\"PruebaVisionOS/Preview Content\"";
				ENABLE_PREVIEWS = YES;
				GENERATE_INFOPLIST_FILE = YES;
				INFOPLIST_KEY_UIApplicationSceneManifest_Generation = YES;
				LD_RUNPATH_SEARCH_PATHS = (
					"$(inherited)",
					"@executable_path/Frameworks",
				);
				MARKETING_VERSION = 1.0;
				PRODUCT_BUNDLE_IDENTIFIER = JRG79.PruebaVisionOS;
				PRODUCT_NAME = "$(TARGET_NAME)";
				SUPPORTED_PLATFORMS = "xros xrsimulator";
				SWIFT_EMIT_LOC_STRINGS = YES;
				SWIFT_VERSION = 5.0;
				TARGETED_DEVICE_FAMILY = "1,2,7";
			};
			name = Debug;
		};
		44954BF52A45FF510022550D /* Release */ = {
			isa = XCBuildConfiguration;
			buildSettings = {
				ASSETCATALOG_COMPILER_APPICON_NAME = AppIcon;
				ASSETCATALOG_COMPILER_GLOBAL_ACCENT_COLOR_NAME = AccentColor;
				CODE_SIGN_STYLE = Automatic;
				CURRENT_PROJECT_VERSION = 1;
				DEVELOPMENT_ASSET_PATHS = "\"PruebaVisionOS/Preview Content\"";
				ENABLE_PREVIEWS = YES;
				GENERATE_INFOPLIST_FILE = YES;
				INFOPLIST_KEY_UIApplicationSceneManifest_Generation = YES;
				LD_RUNPATH_SEARCH_PATHS = (
					"$(inherited)",
					"@executable_path/Frameworks",
				);
				MARKETING_VERSION = 1.0;
				PRODUCT_BUNDLE_IDENTIFIER = JRG79.PruebaVisionOS;
				PRODUCT_NAME = "$(TARGET_NAME)";
				SUPPORTED_PLATFORMS = "xros xrsimulator";
				SWIFT_EMIT_LOC_STRINGS = YES;
				SWIFT_VERSION = 5.0;
				TARGETED_DEVICE_FAMILY = "1,2,7";
			};
			name = Release;
		};
/* End XCBuildConfiguration section */

/* Begin XCConfigurationList section */
		44954BDC2A45FF4F0022550D /* Build configuration list for PBXProject "PruebaVisionOS" */ = {
			isa = XCConfigurationList;
			buildConfigurations = (
				44954BF12A45FF510022550D /* Debug */,
				44954BF22A45FF510022550D /* Release */,
			);
			defaultConfigurationIsVisible = 0;
			defaultConfigurationName = Release;
		};
		44954BF32A45FF510022550D /* Build configuration list for PBXNativeTarget "PruebaVisionOS" */ = {
			isa = XCConfigurationList;
			buildConfigurations = (
				44954BF42A45FF510022550D /* Debug */,
				44954BF52A45FF510022550D /* Release */,
			);
			defaultConfigurationIsVisible = 0;
			defaultConfigurationName = Release;
		};
/* End XCConfigurationList section */

/* Begin XCSwiftPackageProductDependency section */
		44954BE62A45FF500022550D /* RealityKitContent */ = {
			isa = XCSwiftPackageProductDependency;
			productName = RealityKitContent;
		};
/* End XCSwiftPackageProductDependency section */
	};
	rootObject = 44954BD92A45FF4F0022550D /* Project object */;
}
